
Microsoft Visual Studio Solution File, Format Version 12.00
# Visual Studio Version 16
VisualStudioVersion = 16.0.31321.278
MinimumVisualStudioVersion = 10.0.40219.1
Project("{9A19103F-16F7-4668-BE54-9A1E7A4F7556}") = "KidneyCarcinomaRestApi", "KidneyCarcinomaRestApi\KidneyCarcinomaRestApi.csproj", "{4209ED24-C063-4D2A-B8FD-EF7149CC66F8}"
EndProject
Global
	GlobalSection(SolutionConfigurationPlatforms) = preSolution
		Debug|Any CPU = Debug|Any CPU
		Release|Any CPU = Release|Any CPU
	EndGlobalSection
	GlobalSection(ProjectConfigurationPlatforms) = postSolution
		{4209ED24-C063-4D2A-B8FD-EF7149CC66F8}.Debug|Any CPU.ActiveCfg = Debug|Any CPU
		{4209ED24-C063-4D2A-B8FD-EF7149CC66F8}.Debug|Any CPU.Build.0 = Debug|Any CPU
		{4209ED24-C063-4D2A-B8FD-EF7149CC66F8}.Release|Any CPU.ActiveCfg = Release|Any CPU
		{4209ED24-C063-4D2A-B8FD-EF7149CC66F8}.Release|Any CPU.Build.0 = Release|Any CPU
	EndGlobalSection
	GlobalSection(SolutionProperties) = preSolution
		HideSolutionNode = FALSE
	EndGlobalSection
	GlobalSection(ExtensibilityGlobals) = postSolution
		SolutionGuid = {E63C3409-3A9C-4E53-A759-7636D74BDD02}
	EndGlobalSection
EndGlobal
